// !$*UTF8*$!
{
	archiveVersion = 1;
	classes = {
	};
	objectVersion = 56;
	objects = {

/* Begin PBXBuildFile section */
		B50250DD2ADD84EF00A84FBD /* ReminderListStyle.swift in Sources */ = {isa = PBXBuildFile; fileRef = B50250DC2ADD84EF00A84FBD /* ReminderListStyle.swift */; };
		B524F8A62ADFCC29008D1C56 /* ProgressHeaderView.swift in Sources */ = {isa = PBXBuildFile; fileRef = B524F8A52ADFCC29008D1C56 /* ProgressHeaderView.swift */; };
		B524F8A82ADFDD71008D1C56 /* CAGradientLayer+ListStyle.swift in Sources */ = {isa = PBXBuildFile; fileRef = B524F8A72ADFDD71008D1C56 /* CAGradientLayer+ListStyle.swift */; };
		B524F8AA2ADFE49D008D1C56 /* TodayError.swift in Sources */ = {isa = PBXBuildFile; fileRef = B524F8A92ADFE49D008D1C56 /* TodayError.swift */; };
		B524F8AC2ADFE546008D1C56 /* EKEventStore+AsyncFetch.swift in Sources */ = {isa = PBXBuildFile; fileRef = B524F8AB2ADFE546008D1C56 /* EKEventStore+AsyncFetch.swift */; };
		B524F8AE2ADFE604008D1C56 /* Reminder+EKReminder.swift in Sources */ = {isa = PBXBuildFile; fileRef = B524F8AD2ADFE604008D1C56 /* Reminder+EKReminder.swift */; };
		B524F8B02ADFE65A008D1C56 /* ReminderStore.swift in Sources */ = {isa = PBXBuildFile; fileRef = B524F8AF2ADFE65A008D1C56 /* ReminderStore.swift */; };
		B55517042AD8371800D54866 /* ReminderViewController.swift in Sources */ = {isa = PBXBuildFile; fileRef = B55517032AD8371800D54866 /* ReminderViewController.swift */; };
		B55517072AD8391700D54866 /* ReminderViewController+Row.swift in Sources */ = {isa = PBXBuildFile; fileRef = B55517062AD8391700D54866 /* ReminderViewController+Row.swift */; };
		B56AECB42AD6EAC0004B555A /* AppDelegate.swift in Sources */ = {isa = PBXBuildFile; fileRef = B56AECB32AD6EAC0004B555A /* AppDelegate.swift */; };
		B56AECB62AD6EAC0004B555A /* SceneDelegate.swift in Sources */ = {isa = PBXBuildFile; fileRef = B56AECB52AD6EAC0004B555A /* SceneDelegate.swift */; };
		B56AECB82AD6EAC0004B555A /* ReminderListViewController.swift in Sources */ = {isa = PBXBuildFile; fileRef = B56AECB72AD6EAC0004B555A /* ReminderListViewController.swift */; };
		B56AECBB2AD6EAC0004B555A /* Main.storyboard in Resources */ = {isa = PBXBuildFile; fileRef = B56AECB92AD6EAC0004B555A /* Main.storyboard */; };
		B56AECBD2AD6EAC1004B555A /* Assets.xcassets in Resources */ = {isa = PBXBuildFile; fileRef = B56AECBC2AD6EAC1004B555A /* Assets.xcassets */; };
		B56AECC02AD6EAC1004B555A /* LaunchScreen.storyboard in Resources */ = {isa = PBXBuildFile; fileRef = B56AECBE2AD6EAC1004B555A /* LaunchScreen.storyboard */; };
		B56AECCB2AD6EAC1004B555A /* TodayTests.swift in Sources */ = {isa = PBXBuildFile; fileRef = B56AECCA2AD6EAC1004B555A /* TodayTests.swift */; };
		B56AECD52AD6EAC1004B555A /* TodayUITests.swift in Sources */ = {isa = PBXBuildFile; fileRef = B56AECD42AD6EAC1004B555A /* TodayUITests.swift */; };
		B56AECD72AD6EAC1004B555A /* TodayUITestsLaunchTests.swift in Sources */ = {isa = PBXBuildFile; fileRef = B56AECD62AD6EAC1004B555A /* TodayUITestsLaunchTests.swift */; };
		B56AECE52AD6EF05004B555A /* Reminder.swift in Sources */ = {isa = PBXBuildFile; fileRef = B56AECE42AD6EF05004B555A /* Reminder.swift */; };
		B56AECE72AD6F1BF004B555A /* Date+Today.swift in Sources */ = {isa = PBXBuildFile; fileRef = B56AECE62AD6F1BF004B555A /* Date+Today.swift */; };
		B56AECEA2AD6F231004B555A /* ReminderListViewController+DataSource.swift in Sources */ = {isa = PBXBuildFile; fileRef = B56AECE92AD6F231004B555A /* ReminderListViewController+DataSource.swift */; };
		B56AECED2AD6F8ED004B555A /* ReminderDoneButton.swift in Sources */ = {isa = PBXBuildFile; fileRef = B56AECEC2AD6F8ED004B555A /* ReminderDoneButton.swift */; };
		B56AECEF2AD6F955004B555A /* ReminderListViewController+Actions.swift in Sources */ = {isa = PBXBuildFile; fileRef = B56AECEE2AD6F955004B555A /* ReminderListViewController+Actions.swift */; };
		B56BEB292AD9325A0069E29E /* ReminderViewController+Section.swift in Sources */ = {isa = PBXBuildFile; fileRef = B56BEB282AD9325A0069E29E /* ReminderViewController+Section.swift */; };
		B56BEB2B2AD944F10069E29E /* ReminderViewController+CellConfiguration.swift in Sources */ = {isa = PBXBuildFile; fileRef = B56BEB2A2AD944F10069E29E /* ReminderViewController+CellConfiguration.swift */; };
		B56BEB2E2AD94D650069E29E /* UIView+PinnedSubview.swift in Sources */ = {isa = PBXBuildFile; fileRef = B56BEB2D2AD94D650069E29E /* UIView+PinnedSubview.swift */; };
		B56BEB302AD9505B0069E29E /* TextFieldContentView.swift in Sources */ = {isa = PBXBuildFile; fileRef = B56BEB2F2AD9505B0069E29E /* TextFieldContentView.swift */; };
		B56BEB322AD952300069E29E /* UIContentConfiguration+Stateless.swift in Sources */ = {isa = PBXBuildFile; fileRef = B56BEB312AD952300069E29E /* UIContentConfiguration+Stateless.swift */; };
		B56BEB342AD97FAC0069E29E /* TextViewContentView.swift in Sources */ = {isa = PBXBuildFile; fileRef = B56BEB332AD97FAC0069E29E /* TextViewContentView.swift */; };
		B56BEB362AD9827A0069E29E /* DatePickerContentView.swift in Sources */ = {isa = PBXBuildFile; fileRef = B56BEB352AD9827A0069E29E /* DatePickerContentView.swift */; };
/* End PBXBuildFile section */

/* Begin PBXContainerItemProxy section */
		B56AECC72AD6EAC1004B555A /* PBXContainerItemProxy */ = {
			isa = PBXContainerItemProxy;
			containerPortal = B56AECA82AD6EAC0004B555A /* Project object */;
			proxyType = 1;
			remoteGlobalIDString = B56AECAF2AD6EAC0004B555A;
			remoteInfo = Today;
		};
		B56AECD12AD6EAC1004B555A /* PBXContainerItemProxy */ = {
			isa = PBXContainerItemProxy;
			containerPortal = B56AECA82AD6EAC0004B555A /* Project object */;
			proxyType = 1;
			remoteGlobalIDString = B56AECAF2AD6EAC0004B555A;
			remoteInfo = Today;
		};
/* End PBXContainerItemProxy section */

/* Begin PBXFileReference section */
		B50250DC2ADD84EF00A84FBD /* ReminderListStyle.swift */ = {isa = PBXFileReference; lastKnownFileType = sourcecode.swift; path = ReminderListStyle.swift; sourceTree = "<group>"; };
		B524F8A52ADFCC29008D1C56 /* ProgressHeaderView.swift */ = {isa = PBXFileReference; lastKnownFileType = sourcecode.swift; path = ProgressHeaderView.swift; sourceTree = "<group>"; };
		B524F8A72ADFDD71008D1C56 /* CAGradientLayer+ListStyle.swift */ = {isa = PBXFileReference; lastKnownFileType = sourcecode.swift; path = "CAGradientLayer+ListStyle.swift"; sourceTree = "<group>"; };
		B524F8A92ADFE49D008D1C56 /* TodayError.swift */ = {isa = PBXFileReference; lastKnownFileType = sourcecode.swift; path = TodayError.swift; sourceTree = "<group>"; };
		B524F8AB2ADFE546008D1C56 /* EKEventStore+AsyncFetch.swift */ = {isa = PBXFileReference; lastKnownFileType = sourcecode.swift; path = "EKEventStore+AsyncFetch.swift"; sourceTree = "<group>"; };
		B524F8AD2ADFE604008D1C56 /* Reminder+EKReminder.swift */ = {isa = PBXFileReference; lastKnownFileType = sourcecode.swift; path = "Reminder+EKReminder.swift"; sourceTree = "<group>"; };
		B524F8AF2ADFE65A008D1C56 /* ReminderStore.swift */ = {isa = PBXFileReference; lastKnownFileType = sourcecode.swift; path = ReminderStore.swift; sourceTree = "<group>"; };
		B55517032AD8371800D54866 /* ReminderViewController.swift */ = {isa = PBXFileReference; lastKnownFileType = sourcecode.swift; path = ReminderViewController.swift; sourceTree = "<group>"; };
		B55517062AD8391700D54866 /* ReminderViewController+Row.swift */ = {isa = PBXFileReference; lastKnownFileType = sourcecode.swift; path = "ReminderViewController+Row.swift"; sourceTree = "<group>"; };
		B56AECB02AD6EAC0004B555A /* Today.app */ = {isa = PBXFileReference; explicitFileType = wrapper.application; includeInIndex = 0; path = Today.app; sourceTree = BUILT_PRODUCTS_DIR; };
		B56AECB32AD6EAC0004B555A /* AppDelegate.swift */ = {isa = PBXFileReference; lastKnownFileType = sourcecode.swift; path = AppDelegate.swift; sourceTree = "<group>"; };
		B56AECB52AD6EAC0004B555A /* SceneDelegate.swift */ = {isa = PBXFileReference; lastKnownFileType = sourcecode.swift; path = SceneDelegate.swift; sourceTree = "<group>"; };
		B56AECB72AD6EAC0004B555A /* ReminderListViewController.swift */ = {isa = PBXFileReference; lastKnownFileType = sourcecode.swift; path = ReminderListViewController.swift; sourceTree = "<group>"; };
		B56AECBA2AD6EAC0004B555A /* Base */ = {isa = PBXFileReference; lastKnownFileType = file.storyboard; name = Base; path = Base.lproj/Main.storyboard; sourceTree = "<group>"; };
		B56AECBC2AD6EAC1004B555A /* Assets.xcassets */ = {isa = PBXFileReference; lastKnownFileType = folder.assetcatalog; path = Assets.xcassets; sourceTree = "<group>"; };
		B56AECBF2AD6EAC1004B555A /* Base */ = {isa = PBXFileReference; lastKnownFileType = file.storyboard; name = Base; path = Base.lproj/LaunchScreen.storyboard; sourceTree = "<group>"; };
		B56AECC12AD6EAC1004B555A /* Info.plist */ = {isa = PBXFileReference; lastKnownFileType = text.plist.xml; path = Info.plist; sourceTree = "<group>"; };
		B56AECC62AD6EAC1004B555A /* TodayTests.xctest */ = {isa = PBXFileReference; explicitFileType = wrapper.cfbundle; includeInIndex = 0; path = TodayTests.xctest; sourceTree = BUILT_PRODUCTS_DIR; };
		B56AECCA2AD6EAC1004B555A /* TodayTests.swift */ = {isa = PBXFileReference; lastKnownFileType = sourcecode.swift; path = TodayTests.swift; sourceTree = "<group>"; };
		B56AECD02AD6EAC1004B555A /* TodayUITests.xctest */ = {isa = PBXFileReference; explicitFileType = wrapper.cfbundle; includeInIndex = 0; path = TodayUITests.xctest; sourceTree = BUILT_PRODUCTS_DIR; };
		B56AECD42AD6EAC1004B555A /* TodayUITests.swift */ = {isa = PBXFileReference; lastKnownFileType = sourcecode.swift; path = TodayUITests.swift; sourceTree = "<group>"; };
		B56AECD62AD6EAC1004B555A /* TodayUITestsLaunchTests.swift */ = {isa = PBXFileReference; lastKnownFileType = sourcecode.swift; path = TodayUITestsLaunchTests.swift; sourceTree = "<group>"; };
		B56AECE42AD6EF05004B555A /* Reminder.swift */ = {isa = PBXFileReference; lastKnownFileType = sourcecode.swift; path = Reminder.swift; sourceTree = "<group>"; };
		B56AECE62AD6F1BF004B555A /* Date+Today.swift */ = {isa = PBXFileReference; lastKnownFileType = sourcecode.swift; path = "Date+Today.swift"; sourceTree = "<group>"; };
		B56AECE92AD6F231004B555A /* ReminderListViewController+DataSource.swift */ = {isa = PBXFileReference; lastKnownFileType = sourcecode.swift; path = "ReminderListViewController+DataSource.swift"; sourceTree = "<group>"; };
		B56AECEC2AD6F8ED004B555A /* ReminderDoneButton.swift */ = {isa = PBXFileReference; lastKnownFileType = sourcecode.swift; path = ReminderDoneButton.swift; sourceTree = "<group>"; };
		B56AECEE2AD6F955004B555A /* ReminderListViewController+Actions.swift */ = {isa = PBXFileReference; lastKnownFileType = sourcecode.swift; path = "ReminderListViewController+Actions.swift"; sourceTree = "<group>"; };
		B56BEB282AD9325A0069E29E /* ReminderViewController+Section.swift */ = {isa = PBXFileReference; lastKnownFileType = sourcecode.swift; path = "ReminderViewController+Section.swift"; sourceTree = "<group>"; };
		B56BEB2A2AD944F10069E29E /* ReminderViewController+CellConfiguration.swift */ = {isa = PBXFileReference; lastKnownFileType = sourcecode.swift; path = "ReminderViewController+CellConfiguration.swift"; sourceTree = "<group>"; };
		B56BEB2D2AD94D650069E29E /* UIView+PinnedSubview.swift */ = {isa = PBXFileReference; lastKnownFileType = sourcecode.swift; path = "UIView+PinnedSubview.swift"; sourceTree = "<group>"; };
		B56BEB2F2AD9505B0069E29E /* TextFieldContentView.swift */ = {isa = PBXFileReference; lastKnownFileType = sourcecode.swift; path = TextFieldContentView.swift; sourceTree = "<group>"; };
		B56BEB312AD952300069E29E /* UIContentConfiguration+Stateless.swift */ = {isa = PBXFileReference; lastKnownFileType = sourcecode.swift; path = "UIContentConfiguration+Stateless.swift"; sourceTree = "<group>"; };
		B56BEB332AD97FAC0069E29E /* TextViewContentView.swift */ = {isa = PBXFileReference; lastKnownFileType = sourcecode.swift; path = TextViewContentView.swift; sourceTree = "<group>"; };
		B56BEB352AD9827A0069E29E /* DatePickerContentView.swift */ = {isa = PBXFileReference; lastKnownFileType = sourcecode.swift; path = DatePickerContentView.swift; sourceTree = "<group>"; };
/* End PBXFileReference section */

/* Begin PBXFrameworksBuildPhase section */
		B56AECAD2AD6EAC0004B555A /* Frameworks */ = {
			isa = PBXFrameworksBuildPhase;
			buildActionMask = 2147483647;
			files = (
			);
			runOnlyForDeploymentPostprocessing = 0;
		};
		B56AECC32AD6EAC1004B555A /* Frameworks */ = {
			isa = PBXFrameworksBuildPhase;
			buildActionMask = 2147483647;
			files = (
			);
			runOnlyForDeploymentPostprocessing = 0;
		};
		B56AECCD2AD6EAC1004B555A /* Frameworks */ = {
			isa = PBXFrameworksBuildPhase;
			buildActionMask = 2147483647;
			files = (
			);
			runOnlyForDeploymentPostprocessing = 0;
		};
/* End PBXFrameworksBuildPhase section */

/* Begin PBXGroup section */
		B55517052AD8389900D54866 /* DetailViewController */ = {
			isa = PBXGroup;
			children = (
				B55517032AD8371800D54866 /* ReminderViewController.swift */,
				B55517062AD8391700D54866 /* ReminderViewController+Row.swift */,
				B56BEB282AD9325A0069E29E /* ReminderViewController+Section.swift */,
				B56BEB2A2AD944F10069E29E /* ReminderViewController+CellConfiguration.swift */,
			);
			path = DetailViewController;
			sourceTree = "<group>";
		};
		B56AECA72AD6EAC0004B555A = {
			isa = PBXGroup;
			children = (
				B56AECB22AD6EAC0004B555A /* Today */,
				B56AECC92AD6EAC1004B555A /* TodayTests */,
				B56AECD32AD6EAC1004B555A /* TodayUITests */,
				B56AECB12AD6EAC0004B555A /* Products */,
			);
			sourceTree = "<group>";
		};
		B56AECB12AD6EAC0004B555A /* Products */ = {
			isa = PBXGroup;
			children = (
				B56AECB02AD6EAC0004B555A /* Today.app */,
				B56AECC62AD6EAC1004B555A /* TodayTests.xctest */,
				B56AECD02AD6EAC1004B555A /* TodayUITests.xctest */,
			);
			name = Products;
			sourceTree = "<group>";
		};
		B56AECB22AD6EAC0004B555A /* Today */ = {
			isa = PBXGroup;
			children = (
				B56AECB32AD6EAC0004B555A /* AppDelegate.swift */,
				B56AECB52AD6EAC0004B555A /* SceneDelegate.swift */,
				B56BEB2C2AD94C250069E29E /* ContentViews */,
				B55517052AD8389900D54866 /* DetailViewController */,
				B56AECE32AD6EE4A004B555A /* Models */,
				B56AECE82AD6F212004B555A /* ListViewController */,
				B56AECB92AD6EAC0004B555A /* Main.storyboard */,
				B56AECBC2AD6EAC1004B555A /* Assets.xcassets */,
				B56AECBE2AD6EAC1004B555A /* LaunchScreen.storyboard */,
				B56AECC12AD6EAC1004B555A /* Info.plist */,
			);
			path = Today;
			sourceTree = "<group>";
		};
		B56AECC92AD6EAC1004B555A /* TodayTests */ = {
			isa = PBXGroup;
			children = (
				B56AECCA2AD6EAC1004B555A /* TodayTests.swift */,
			);
			path = TodayTests;
			sourceTree = "<group>";
		};
		B56AECD32AD6EAC1004B555A /* TodayUITests */ = {
			isa = PBXGroup;
			children = (
				B56AECD42AD6EAC1004B555A /* TodayUITests.swift */,
				B56AECD62AD6EAC1004B555A /* TodayUITestsLaunchTests.swift */,
			);
			path = TodayUITests;
			sourceTree = "<group>";
		};
		B56AECE32AD6EE4A004B555A /* Models */ = {
			isa = PBXGroup;
			children = (
				B56AECE42AD6EF05004B555A /* Reminder.swift */,
				B56AECE62AD6F1BF004B555A /* Date+Today.swift */,
				B50250DC2ADD84EF00A84FBD /* ReminderListStyle.swift */,
				B524F8A72ADFDD71008D1C56 /* CAGradientLayer+ListStyle.swift */,
				B524F8A92ADFE49D008D1C56 /* TodayError.swift */,
				B524F8AB2ADFE546008D1C56 /* EKEventStore+AsyncFetch.swift */,
				B524F8AD2ADFE604008D1C56 /* Reminder+EKReminder.swift */,
				B524F8AF2ADFE65A008D1C56 /* ReminderStore.swift */,
			);
			path = Models;
			sourceTree = "<group>";
		};
		B56AECE82AD6F212004B555A /* ListViewController */ = {
			isa = PBXGroup;
			children = (
				B56AECB72AD6EAC0004B555A /* ReminderListViewController.swift */,
				B56AECE92AD6F231004B555A /* ReminderListViewController+DataSource.swift */,
				B56AECEC2AD6F8ED004B555A /* ReminderDoneButton.swift */,
				B56AECEE2AD6F955004B555A /* ReminderListViewController+Actions.swift */,
				B524F8A52ADFCC29008D1C56 /* ProgressHeaderView.swift */,
			);
			path = ListViewController;
			sourceTree = "<group>";
		};
		B56BEB2C2AD94C250069E29E /* ContentViews */ = {
			isa = PBXGroup;
			children = (
				B56BEB2D2AD94D650069E29E /* UIView+PinnedSubview.swift */,
				B56BEB2F2AD9505B0069E29E /* TextFieldContentView.swift */,
				B56BEB312AD952300069E29E /* UIContentConfiguration+Stateless.swift */,
				B56BEB332AD97FAC0069E29E /* TextViewContentView.swift */,
				B56BEB352AD9827A0069E29E /* DatePickerContentView.swift */,
			);
			path = ContentViews;
			sourceTree = "<group>";
		};
/* End PBXGroup section */

/* Begin PBXNativeTarget section */
		B56AECAF2AD6EAC0004B555A /* Today */ = {
			isa = PBXNativeTarget;
			buildConfigurationList = B56AECDA2AD6EAC1004B555A /* Build configuration list for PBXNativeTarget "Today" */;
			buildPhases = (
				B56AECAC2AD6EAC0004B555A /* Sources */,
				B56AECAD2AD6EAC0004B555A /* Frameworks */,
				B56AECAE2AD6EAC0004B555A /* Resources */,
			);
			buildRules = (
			);
			dependencies = (
			);
			name = Today;
			productName = Today;
			productReference = B56AECB02AD6EAC0004B555A /* Today.app */;
			productType = "com.apple.product-type.application";
		};
		B56AECC52AD6EAC1004B555A /* TodayTests */ = {
			isa = PBXNativeTarget;
			buildConfigurationList = B56AECDD2AD6EAC1004B555A /* Build configuration list for PBXNativeTarget "TodayTests" */;
			buildPhases = (
				B56AECC22AD6EAC1004B555A /* Sources */,
				B56AECC32AD6EAC1004B555A /* Frameworks */,
				B56AECC42AD6EAC1004B555A /* Resources */,
			);
			buildRules = (
			);
			dependencies = (
				B56AECC82AD6EAC1004B555A /* PBXTargetDependency */,
			);
			name = TodayTests;
			productName = TodayTests;
			productReference = B56AECC62AD6EAC1004B555A /* TodayTests.xctest */;
			productType = "com.apple.product-type.bundle.unit-test";
		};
		B56AECCF2AD6EAC1004B555A /* TodayUITests */ = {
			isa = PBXNativeTarget;
			buildConfigurationList = B56AECE02AD6EAC1004B555A /* Build configuration list for PBXNativeTarget "TodayUITests" */;
			buildPhases = (
				B56AECCC2AD6EAC1004B555A /* Sources */,
				B56AECCD2AD6EAC1004B555A /* Frameworks */,
				B56AECCE2AD6EAC1004B555A /* Resources */,
			);
			buildRules = (
			);
			dependencies = (
				B56AECD22AD6EAC1004B555A /* PBXTargetDependency */,
			);
			name = TodayUITests;
			productName = TodayUITests;
			productReference = B56AECD02AD6EAC1004B555A /* TodayUITests.xctest */;
			productType = "com.apple.product-type.bundle.ui-testing";
		};
/* End PBXNativeTarget section */

/* Begin PBXProject section */
		B56AECA82AD6EAC0004B555A /* Project object */ = {
			isa = PBXProject;
			attributes = {
				BuildIndependentTargetsInParallel = 1;
				LastSwiftUpdateCheck = 1500;
				LastUpgradeCheck = 1500;
				TargetAttributes = {
					B56AECAF2AD6EAC0004B555A = {
						CreatedOnToolsVersion = 15.0;
					};
					B56AECC52AD6EAC1004B555A = {
						CreatedOnToolsVersion = 15.0;
						TestTargetID = B56AECAF2AD6EAC0004B555A;
					};
					B56AECCF2AD6EAC1004B555A = {
						CreatedOnToolsVersion = 15.0;
						TestTargetID = B56AECAF2AD6EAC0004B555A;
					};
				};
			};
			buildConfigurationList = B56AECAB2AD6EAC0004B555A /* Build configuration list for PBXProject "Today" */;
			compatibilityVersion = "Xcode 14.0";
			developmentRegion = en;
			hasScannedForEncodings = 0;
			knownRegions = (
				en,
				Base,
			);
			mainGroup = B56AECA72AD6EAC0004B555A;
			productRefGroup = B56AECB12AD6EAC0004B555A /* Products */;
			projectDirPath = "";
			projectRoot = "";
			targets = (
				B56AECAF2AD6EAC0004B555A /* Today */,
				B56AECC52AD6EAC1004B555A /* TodayTests */,
				B56AECCF2AD6EAC1004B555A /* TodayUITests */,
			);
		};
/* End PBXProject section */

/* Begin PBXResourcesBuildPhase section */
		B56AECAE2AD6EAC0004B555A /* Resources */ = {
			isa = PBXResourcesBuildPhase;
			buildActionMask = 2147483647;
			files = (
				B56AECC02AD6EAC1004B555A /* LaunchScreen.storyboard in Resources */,
				B56AECBD2AD6EAC1004B555A /* Assets.xcassets in Resources */,
				B56AECBB2AD6EAC0004B555A /* Main.storyboard in Resources */,
			);
			runOnlyForDeploymentPostprocessing = 0;
		};
		B56AECC42AD6EAC1004B555A /* Resources */ = {
			isa = PBXResourcesBuildPhase;
			buildActionMask = 2147483647;
			files = (
			);
			runOnlyForDeploymentPostprocessing = 0;
		};
		B56AECCE2AD6EAC1004B555A /* Resources */ = {
			isa = PBXResourcesBuildPhase;
			buildActionMask = 2147483647;
			files = (
			);
			runOnlyForDeploymentPostprocessing = 0;
		};
/* End PBXResourcesBuildPhase section */

/* Begin PBXSourcesBuildPhase section */
		B56AECAC2AD6EAC0004B555A /* Sources */ = {
			isa = PBXSourcesBuildPhase;
			buildActionMask = 2147483647;
			files = (
				B56BEB2B2AD944F10069E29E /* ReminderViewController+CellConfiguration.swift in Sources */,
				B56BEB362AD9827A0069E29E /* DatePickerContentView.swift in Sources */,
				B56AECEF2AD6F955004B555A /* ReminderListViewController+Actions.swift in Sources */,
				B56AECB82AD6EAC0004B555A /* ReminderListViewController.swift in Sources */,
				B56AECE72AD6F1BF004B555A /* Date+Today.swift in Sources */,
				B524F8A62ADFCC29008D1C56 /* ProgressHeaderView.swift in Sources */,
				B56AECB42AD6EAC0004B555A /* AppDelegate.swift in Sources */,
				B56BEB322AD952300069E29E /* UIContentConfiguration+Stateless.swift in Sources */,
				B56BEB292AD9325A0069E29E /* ReminderViewController+Section.swift in Sources */,
				B524F8B02ADFE65A008D1C56 /* ReminderStore.swift in Sources */,
				B524F8AA2ADFE49D008D1C56 /* TodayError.swift in Sources */,
				B524F8AE2ADFE604008D1C56 /* Reminder+EKReminder.swift in Sources */,
				B56AECB62AD6EAC0004B555A /* SceneDelegate.swift in Sources */,
				B50250DD2ADD84EF00A84FBD /* ReminderListStyle.swift in Sources */,
				B55517042AD8371800D54866 /* ReminderViewController.swift in Sources */,
				B56BEB2E2AD94D650069E29E /* UIView+PinnedSubview.swift in Sources */,
				B524F8A82ADFDD71008D1C56 /* CAGradientLayer+ListStyle.swift in Sources */,
				B56BEB342AD97FAC0069E29E /* TextViewContentView.swift in Sources */,
				B524F8AC2ADFE546008D1C56 /* EKEventStore+AsyncFetch.swift in Sources */,
				B55517072AD8391700D54866 /* ReminderViewController+Row.swift in Sources */,
				B56AECE52AD6EF05004B555A /* Reminder.swift in Sources */,
				B56AECED2AD6F8ED004B555A /* ReminderDoneButton.swift in Sources */,
				B56BEB302AD9505B0069E29E /* TextFieldContentView.swift in Sources */,
				B56AECEA2AD6F231004B555A /* ReminderListViewController+DataSource.swift in Sources */,
			);
			runOnlyForDeploymentPostprocessing = 0;
		};
		B56AECC22AD6EAC1004B555A /* Sources */ = {
			isa = PBXSourcesBuildPhase;
			buildActionMask = 2147483647;
			files = (
				B56AECCB2AD6EAC1004B555A /* TodayTests.swift in Sources */,
			);
			runOnlyForDeploymentPostprocessing = 0;
		};
		B56AECCC2AD6EAC1004B555A /* Sources */ = {
			isa = PBXSourcesBuildPhase;
			buildActionMask = 2147483647;
			files = (
				B56AECD72AD6EAC1004B555A /* TodayUITestsLaunchTests.swift in Sources */,
				B56AECD52AD6EAC1004B555A /* TodayUITests.swift in Sources */,
			);
			runOnlyForDeploymentPostprocessing = 0;
		};
/* End PBXSourcesBuildPhase section */

/* Begin PBXTargetDependency section */
		B56AECC82AD6EAC1004B555A /* PBXTargetDependency */ = {
			isa = PBXTargetDependency;
			target = B56AECAF2AD6EAC0004B555A /* Today */;
			targetProxy = B56AECC72AD6EAC1004B555A /* PBXContainerItemProxy */;
		};
		B56AECD22AD6EAC1004B555A /* PBXTargetDependency */ = {
			isa = PBXTargetDependency;
			target = B56AECAF2AD6EAC0004B555A /* Today */;
			targetProxy = B56AECD12AD6EAC1004B555A /* PBXContainerItemProxy */;
		};
/* End PBXTargetDependency section */

/* Begin PBXVariantGroup section */
		B56AECB92AD6EAC0004B555A /* Main.storyboard */ = {
			isa = PBXVariantGroup;
			children = (
				B56AECBA2AD6EAC0004B555A /* Base */,
			);
			name = Main.storyboard;
			sourceTree = "<group>";
		};
		B56AECBE2AD6EAC1004B555A /* LaunchScreen.storyboard */ = {
			isa = PBXVariantGroup;
			children = (
				B56AECBF2AD6EAC1004B555A /* Base */,
			);
			name = LaunchScreen.storyboard;
			sourceTree = "<group>";
		};
/* End PBXVariantGroup section */

/* Begin XCBuildConfiguration section */
		B56AECD82AD6EAC1004B555A /* Debug */ = {
			isa = XCBuildConfiguration;
			buildSettings = {
				ALWAYS_SEARCH_USER_PATHS = NO;
				ASSETCATALOG_COMPILER_GENERATE_SWIFT_ASSET_SYMBOL_EXTENSIONS = YES;
				CLANG_ANALYZER_NONNULL = YES;
				CLANG_ANALYZER_NUMBER_OBJECT_CONVERSION = YES_AGGRESSIVE;
				CLANG_CXX_LANGUAGE_STANDARD = "gnu++20";
				CLANG_ENABLE_MODULES = YES;
				CLANG_ENABLE_OBJC_ARC = YES;
				CLANG_ENABLE_OBJC_WEAK = YES;
				CLANG_WARN_BLOCK_CAPTURE_AUTORELEASING = YES;
				CLANG_WARN_BOOL_CONVERSION = YES;
				CLANG_WARN_COMMA = YES;
				CLANG_WARN_CONSTANT_CONVERSION = YES;
				CLANG_WARN_DEPRECATED_OBJC_IMPLEMENTATIONS = YES;
				CLANG_WARN_DIRECT_OBJC_ISA_USAGE = YES_ERROR;
				CLANG_WARN_DOCUMENTATION_COMMENTS = YES;
				CLANG_WARN_EMPTY_BODY = YES;
				CLANG_WARN_ENUM_CONVERSION = YES;
				CLANG_WARN_INFINITE_RECURSION = YES;
				CLANG_WARN_INT_CONVERSION = YES;
				CLANG_WARN_NON_LITERAL_NULL_CONVERSION = YES;
				CLANG_WARN_OBJC_IMPLICIT_RETAIN_SELF = YES;
				CLANG_WARN_OBJC_LITERAL_CONVERSION = YES;
				CLANG_WARN_OBJC_ROOT_CLASS = YES_ERROR;
				CLANG_WARN_QUOTED_INCLUDE_IN_FRAMEWORK_HEADER = YES;
				CLANG_WARN_RANGE_LOOP_ANALYSIS = YES;
				CLANG_WARN_STRICT_PROTOTYPES = YES;
				CLANG_WARN_SUSPICIOUS_MOVE = YES;
				CLANG_WARN_UNGUARDED_AVAILABILITY = YES_AGGRESSIVE;
				CLANG_WARN_UNREACHABLE_CODE = YES;
				CLANG_WARN__DUPLICATE_METHOD_MATCH = YES;
				COPY_PHASE_STRIP = NO;
				DEBUG_INFORMATION_FORMAT = dwarf;
				ENABLE_STRICT_OBJC_MSGSEND = YES;
				ENABLE_TESTABILITY = YES;
				ENABLE_USER_SCRIPT_SANDBOXING = YES;
				GCC_C_LANGUAGE_STANDARD = gnu17;
				GCC_DYNAMIC_NO_PIC = NO;
				GCC_NO_COMMON_BLOCKS = YES;
				GCC_OPTIMIZATION_LEVEL = 0;
				GCC_PREPROCESSOR_DEFINITIONS = (
					"DEBUG=1",
					"$(inherited)",
				);
				GCC_WARN_64_TO_32_BIT_CONVERSION = YES;
				GCC_WARN_ABOUT_RETURN_TYPE = YES_ERROR;
				GCC_WARN_UNDECLARED_SELECTOR = YES;
				GCC_WARN_UNINITIALIZED_AUTOS = YES_AGGRESSIVE;
				GCC_WARN_UNUSED_FUNCTION = YES;
				GCC_WARN_UNUSED_VARIABLE = YES;
				IPHONEOS_DEPLOYMENT_TARGET = 17.0;
				LOCALIZATION_PREFERS_STRING_CATALOGS = YES;
				MTL_ENABLE_DEBUG_INFO = INCLUDE_SOURCE;
				MTL_FAST_MATH = YES;
				ONLY_ACTIVE_ARCH = YES;
				SDKROOT = iphoneos;
				SWIFT_ACTIVE_COMPILATION_CONDITIONS = "DEBUG $(inherited)";
				SWIFT_OPTIMIZATION_LEVEL = "-Onone";
			};
			name = Debug;
		};
		B56AECD92AD6EAC1004B555A /* Release */ = {
			isa = XCBuildConfiguration;
			buildSettings = {
				ALWAYS_SEARCH_USER_PATHS = NO;
				ASSETCATALOG_COMPILER_GENERATE_SWIFT_ASSET_SYMBOL_EXTENSIONS = YES;
				CLANG_ANALYZER_NONNULL = YES;
				CLANG_ANALYZER_NUMBER_OBJECT_CONVERSION = YES_AGGRESSIVE;
				CLANG_CXX_LANGUAGE_STANDARD = "gnu++20";
				CLANG_ENABLE_MODULES = YES;
				CLANG_ENABLE_OBJC_ARC = YES;
				CLANG_ENABLE_OBJC_WEAK = YES;
				CLANG_WARN_BLOCK_CAPTURE_AUTORELEASING = YES;
				CLANG_WARN_BOOL_CONVERSION = YES;
				CLANG_WARN_COMMA = YES;
				CLANG_WARN_CONSTANT_CONVERSION = YES;
				CLANG_WARN_DEPRECATED_OBJC_IMPLEMENTATIONS = YES;
				CLANG_WARN_DIRECT_OBJC_ISA_USAGE = YES_ERROR;
				CLANG_WARN_DOCUMENTATION_COMMENTS = YES;
				CLANG_WARN_EMPTY_BODY = YES;
				CLANG_WARN_ENUM_CONVERSION = YES;
				CLANG_WARN_INFINITE_RECURSION = YES;
				CLANG_WARN_INT_CONVERSION = YES;
				CLANG_WARN_NON_LITERAL_NULL_CONVERSION = YES;
				CLANG_WARN_OBJC_IMPLICIT_RETAIN_SELF = YES;
				CLANG_WARN_OBJC_LITERAL_CONVERSION = YES;
				CLANG_WARN_OBJC_ROOT_CLASS = YES_ERROR;
				CLANG_WARN_QUOTED_INCLUDE_IN_FRAMEWORK_HEADER = YES;
				CLANG_WARN_RANGE_LOOP_ANALYSIS = YES;
				CLANG_WARN_STRICT_PROTOTYPES = YES;
				CLANG_WARN_SUSPICIOUS_MOVE = YES;
				CLANG_WARN_UNGUARDED_AVAILABILITY = YES_AGGRESSIVE;
				CLANG_WARN_UNREACHABLE_CODE = YES;
				CLANG_WARN__DUPLICATE_METHOD_MATCH = YES;
				COPY_PHASE_STRIP = NO;
				DEBUG_INFORMATION_FORMAT = "dwarf-with-dsym";
				ENABLE_NS_ASSERTIONS = NO;
				ENABLE_STRICT_OBJC_MSGSEND = YES;
				ENABLE_USER_SCRIPT_SANDBOXING = YES;
				GCC_C_LANGUAGE_STANDARD = gnu17;
				GCC_NO_COMMON_BLOCKS = YES;
				GCC_WARN_64_TO_32_BIT_CONVERSION = YES;
				GCC_WARN_ABOUT_RETURN_TYPE = YES_ERROR;
				GCC_WARN_UNDECLARED_SELECTOR = YES;
				GCC_WARN_UNINITIALIZED_AUTOS = YES_AGGRESSIVE;
				GCC_WARN_UNUSED_FUNCTION = YES;
				GCC_WARN_UNUSED_VARIABLE = YES;
				IPHONEOS_DEPLOYMENT_TARGET = 17.0;
				LOCALIZATION_PREFERS_STRING_CATALOGS = YES;
				MTL_ENABLE_DEBUG_INFO = NO;
				MTL_FAST_MATH = YES;
				SDKROOT = iphoneos;
				SWIFT_COMPILATION_MODE = wholemodule;
				VALIDATE_PRODUCT = YES;
			};
			name = Release;
		};
		B56AECDB2AD6EAC1004B555A /* Debug */ = {
			isa = XCBuildConfiguration;
			buildSettings = {
				ASSETCATALOG_COMPILER_APPICON_NAME = AppIcon;
				ASSETCATALOG_COMPILER_GLOBAL_ACCENT_COLOR_NAME = AccentColor;
				CODE_SIGN_STYLE = Automatic;
				CURRENT_PROJECT_VERSION = 1;
				GENERATE_INFOPLIST_FILE = YES;
				INFOPLIST_FILE = Today/Info.plist;
				INFOPLIST_KEY_UIApplicationSupportsIndirectInputEvents = YES;
				INFOPLIST_KEY_UILaunchStoryboardName = LaunchScreen;
				INFOPLIST_KEY_UIMainStoryboardFile = Main;
				INFOPLIST_KEY_UISupportedInterfaceOrientations_iPad = "UIInterfaceOrientationPortrait UIInterfaceOrientationPortraitUpsideDown UIInterfaceOrientationLandscapeLeft UIInterfaceOrientationLandscapeRight";
				INFOPLIST_KEY_UISupportedInterfaceOrientations_iPhone = "UIInterfaceOrientationPortrait UIInterfaceOrientationLandscapeLeft UIInterfaceOrientationLandscapeRight";
				LD_RUNPATH_SEARCH_PATHS = (
					"$(inherited)",
					"@executable_path/Frameworks",
				);
				MARKETING_VERSION = 1.0;
				PRODUCT_BUNDLE_IDENTIFIER = teste.Today;
				PRODUCT_NAME = "$(TARGET_NAME)";
				SWIFT_EMIT_LOC_STRINGS = YES;
				SWIFT_VERSION = 5.0;
				TARGETED_DEVICE_FAMILY = "1,2";
			};
			name = Debug;
		};
		B56AECDC2AD6EAC1004B555A /* Release */ = {
			isa = XCBuildConfiguration;
			buildSettings = {
				ASSETCATALOG_COMPILER_APPICON_NAME = AppIcon;
				ASSETCATALOG_COMPILER_GLOBAL_ACCENT_COLOR_NAME = AccentColor;
				CODE_SIGN_STYLE = Automatic;
				CURRENT_PROJECT_VERSION = 1;
				GENERATE_INFOPLIST_FILE = YES;
				INFOPLIST_FILE = Today/Info.plist;
				INFOPLIST_KEY_UIApplicationSupportsIndirectInputEvents = YES;
				INFOPLIST_KEY_UILaunchStoryboardName = LaunchScreen;
				INFOPLIST_KEY_UIMainStoryboardFile = Main;
				INFOPLIST_KEY_UISupportedInterfaceOrientations_iPad = "UIInterfaceOrientationPortrait UIInterfaceOrientationPortraitUpsideDown UIInterfaceOrientationLandscapeLeft UIInterfaceOrientationLandscapeRight";
				INFOPLIST_KEY_UISupportedInterfaceOrientations_iPhone = "UIInterfaceOrientationPortrait UIInterfaceOrientationLandscapeLeft UIInterfaceOrientationLandscapeRight";
				LD_RUNPATH_SEARCH_PATHS = (
					"$(inherited)",
					"@executable_path/Frameworks",
				);
				MARKETING_VERSION = 1.0;
				PRODUCT_BUNDLE_IDENTIFIER = teste.Today;
				PRODUCT_NAME = "$(TARGET_NAME)";
				SWIFT_EMIT_LOC_STRINGS = YES;
				SWIFT_VERSION = 5.0;
				TARGETED_DEVICE_FAMILY = "1,2";
			};
			name = Release;
		};
		B56AECDE2AD6EAC1004B555A /* Debug */ = {
			isa = XCBuildConfiguration;
			buildSettings = {
				ALWAYS_EMBED_SWIFT_STANDARD_LIBRARIES = YES;
				BUNDLE_LOADER = "$(TEST_HOST)";
				CODE_SIGN_STYLE = Automatic;
				CURRENT_PROJECT_VERSION = 1;
				GENERATE_INFOPLIST_FILE = YES;
				IPHONEOS_DEPLOYMENT_TARGET = 17.0;
				MARKETING_VERSION = 1.0;
				PRODUCT_BUNDLE_IDENTIFIER = teste.TodayTests;
				PRODUCT_NAME = "$(TARGET_NAME)";
				SWIFT_EMIT_LOC_STRINGS = NO;
				SWIFT_VERSION = 5.0;
				TARGETED_DEVICE_FAMILY = "1,2";
				TEST_HOST = "$(BUILT_PRODUCTS_DIR)/Today.app/$(BUNDLE_EXECUTABLE_FOLDER_PATH)/Today";
			};
			name = Debug;
		};
		B56AECDF2AD6EAC1004B555A /* Release */ = {
			isa = XCBuildConfiguration;
			buildSettings = {
				ALWAYS_EMBED_SWIFT_STANDARD_LIBRARIES = YES;
				BUNDLE_LOADER = "$(TEST_HOST)";
				CODE_SIGN_STYLE = Automatic;
				CURRENT_PROJECT_VERSION = 1;
				GENERATE_INFOPLIST_FILE = YES;
				IPHONEOS_DEPLOYMENT_TARGET = 17.0;
				MARKETING_VERSION = 1.0;
				PRODUCT_BUNDLE_IDENTIFIER = teste.TodayTests;
				PRODUCT_NAME = "$(TARGET_NAME)";
				SWIFT_EMIT_LOC_STRINGS = NO;
				SWIFT_VERSION = 5.0;
				TARGETED_DEVICE_FAMILY = "1,2";
				TEST_HOST = "$(BUILT_PRODUCTS_DIR)/Today.app/$(BUNDLE_EXECUTABLE_FOLDER_PATH)/Today";
			};
			name = Release;
		};
		B56AECE12AD6EAC1004B555A /* Debug */ = {
			isa = XCBuildConfiguration;
			buildSettings = {
				ALWAYS_EMBED_SWIFT_STANDARD_LIBRARIES = YES;
				CODE_SIGN_STYLE = Automatic;
				CURRENT_PROJECT_VERSION = 1;
				GENERATE_INFOPLIST_FILE = YES;
				MARKETING_VERSION = 1.0;
				PRODUCT_BUNDLE_IDENTIFIER = teste.TodayUITests;
				PRODUCT_NAME = "$(TARGET_NAME)";
				SWIFT_EMIT_LOC_STRINGS = NO;
				SWIFT_VERSION = 5.0;
				TARGETED_DEVICE_FAMILY = "1,2";
				TEST_TARGET_NAME = Today;
			};
			name = Debug;
		};
		B56AECE22AD6EAC1004B555A /* Release */ = {
			isa = XCBuildConfiguration;
			buildSettings = {
				ALWAYS_EMBED_SWIFT_STANDARD_LIBRARIES = YES;
				CODE_SIGN_STYLE = Automatic;
				CURRENT_PROJECT_VERSION = 1;
				GENERATE_INFOPLIST_FILE = YES;
				MARKETING_VERSION = 1.0;
				PRODUCT_BUNDLE_IDENTIFIER = teste.TodayUITests;
				PRODUCT_NAME = "$(TARGET_NAME)";
				SWIFT_EMIT_LOC_STRINGS = NO;
				SWIFT_VERSION = 5.0;
				TARGETED_DEVICE_FAMILY = "1,2";
				TEST_TARGET_NAME = Today;
			};
			name = Release;
		};
/* End XCBuildConfiguration section */

/* Begin XCConfigurationList section */
		B56AECAB2AD6EAC0004B555A /* Build configuration list for PBXProject "Today" */ = {
			isa = XCConfigurationList;
			buildConfigurations = (
				B56AECD82AD6EAC1004B555A /* Debug */,
				B56AECD92AD6EAC1004B555A /* Release */,
			);
			defaultConfigurationIsVisible = 0;
			defaultConfigurationName = Release;
		};
		B56AECDA2AD6EAC1004B555A /* Build configuration list for PBXNativeTarget "Today" */ = {
			isa = XCConfigurationList;
			buildConfigurations = (
				B56AECDB2AD6EAC1004B555A /* Debug */,
				B56AECDC2AD6EAC1004B555A /* Release */,
			);
			defaultConfigurationIsVisible = 0;
			defaultConfigurationName = Release;
		};
		B56AECDD2AD6EAC1004B555A /* Build configuration list for PBXNativeTarget "TodayTests" */ = {
			isa = XCConfigurationList;
			buildConfigurations = (
				B56AECDE2AD6EAC1004B555A /* Debug */,
				B56AECDF2AD6EAC1004B555A /* Release */,
			);
			defaultConfigurationIsVisible = 0;
			defaultConfigurationName = Release;
		};
		B56AECE02AD6EAC1004B555A /* Build configuration list for PBXNativeTarget "TodayUITests" */ = {
			isa = XCConfigurationList;
			buildConfigurations = (
				B56AECE12AD6EAC1004B555A /* Debug */,
				B56AECE22AD6EAC1004B555A /* Release */,
			);
			defaultConfigurationIsVisible = 0;
			defaultConfigurationName = Release;
		};
/* End XCConfigurationList section */
	};
	rootObject = B56AECA82AD6EAC0004B555A /* Project object */;
}
